
Microsoft Visual Studio Solution File, Format Version 12.00
# Visual Studio 15
VisualStudioVersion = 15.0.28307.2017
MinimumVisualStudioVersion = 10.0.40219.1
Project("{FAE04EC0-301F-11D3-BF4B-00C04F79EFBC}") = "AllomorphGeneratorDll", "AllomorphGeneratorDll\AllomorphGeneratorDll.csproj", "{BB78C880-E46A-4F7B-A10E-598AEC4DE55C}"
EndProject
Project("{FAE04EC0-301F-11D3-BF4B-00C04F79EFBC}") = "AlloGenModel", "AlloGenModel\AlloGenModel.csproj", "{4D7C07A3-BDA7-4C91-967B-7ACC736E6586}"
EndProject
Project("{FAE04EC0-301F-11D3-BF4B-00C04F79EFBC}") = "AlloGenService", "AlloGenService\AlloGenService.csproj", "{58F631E4-3FD2-4FFD-9981-5621DCC22D2A}"
EndProject
Project("{FAE04EC0-301F-11D3-BF4B-00C04F79EFBC}") = "AlloGenServiceTests", "AlloGenServiceTests\AlloGenServiceTests.csproj", "{B67758BD-BC0D-4F2B-9BF2-1C2A5D2E01E1}"
	ProjectSection(ProjectDependencies) = postProject
		{4D7C07A3-BDA7-4C91-967B-7ACC736E6586} = {4D7C07A3-BDA7-4C91-967B-7ACC736E6586}
		{58F631E4-3FD2-4FFD-9981-5621DCC22D2A} = {58F631E4-3FD2-4FFD-9981-5621DCC22D2A}
	EndProjectSection
EndProject
Project("{FAE04EC0-301F-11D3-BF4B-00C04F79EFBC}") = "AlloGenModelTests", "AlloGenModelTests\AlloGenModelTests.csproj", "{77A26455-98D4-4E69-8D4D-2B6FEC70BB94}"
EndProject
Global
	GlobalSection(SolutionConfigurationPlatforms) = preSolution
		Debug|Any CPU = Debug|Any CPU
		Debug|x64 = Debug|x64
		Release|Any CPU = Release|Any CPU
		Release|x64 = Release|x64
	EndGlobalSection
	GlobalSection(ProjectConfigurationPlatforms) = postSolution
		{BB78C880-E46A-4F7B-A10E-598AEC4DE55C}.Debug|Any CPU.ActiveCfg = Debug|x64
		{BB78C880-E46A-4F7B-A10E-598AEC4DE55C}.Debug|Any CPU.Build.0 = Debug|x64
		{BB78C880-E46A-4F7B-A10E-598AEC4DE55C}.Debug|x64.ActiveCfg = Debug|x64
		{BB78C880-E46A-4F7B-A10E-598AEC4DE55C}.Debug|x64.Build.0 = Debug|x64
		{BB78C880-E46A-4F7B-A10E-598AEC4DE55C}.Release|Any CPU.ActiveCfg = Release|x64
		{BB78C880-E46A-4F7B-A10E-598AEC4DE55C}.Release|Any CPU.Build.0 = Release|x64
		{BB78C880-E46A-4F7B-A10E-598AEC4DE55C}.Release|x64.ActiveCfg = Release|x64
		{BB78C880-E46A-4F7B-A10E-598AEC4DE55C}.Release|x64.Build.0 = Release|x64
		{4D7C07A3-BDA7-4C91-967B-7ACC736E6586}.Debug|Any CPU.ActiveCfg = Debug|Any CPU
		{4D7C07A3-BDA7-4C91-967B-7ACC736E6586}.Debug|Any CPU.Build.0 = Debug|Any CPU
		{4D7C07A3-BDA7-4C91-967B-7ACC736E6586}.Debug|x64.ActiveCfg = Debug|x64
		{4D7C07A3-BDA7-4C91-967B-7ACC736E6586}.Debug|x64.Build.0 = Debug|x64
		{4D7C07A3-BDA7-4C91-967B-7ACC736E6586}.Release|Any CPU.ActiveCfg = Release|Any CPU
		{4D7C07A3-BDA7-4C91-967B-7ACC736E6586}.Release|Any CPU.Build.0 = Release|Any CPU
		{4D7C07A3-BDA7-4C91-967B-7ACC736E6586}.Release|x64.ActiveCfg = Release|x64
		{4D7C07A3-BDA7-4C91-967B-7ACC736E6586}.Release|x64.Build.0 = Release|x64
		{58F631E4-3FD2-4FFD-9981-5621DCC22D2A}.Debug|Any CPU.ActiveCfg = Debug|Any CPU
		{58F631E4-3FD2-4FFD-9981-5621DCC22D2A}.Debug|Any CPU.Build.0 = Debug|Any CPU
		{58F631E4-3FD2-4FFD-9981-5621DCC22D2A}.Debug|x64.ActiveCfg = Debug|x64
		{58F631E4-3FD2-4FFD-9981-5621DCC22D2A}.Debug|x64.Build.0 = Debug|x64
		{58F631E4-3FD2-4FFD-9981-5621DCC22D2A}.Release|Any CPU.ActiveCfg = Release|Any CPU
		{58F631E4-3FD2-4FFD-9981-5621DCC22D2A}.Release|Any CPU.Build.0 = Release|Any CPU
		{58F631E4-3FD2-4FFD-9981-5621DCC22D2A}.Release|x64.ActiveCfg = Release|x64
		{58F631E4-3FD2-4FFD-9981-5621DCC22D2A}.Release|x64.Build.0 = Release|x64
		{B67758BD-BC0D-4F2B-9BF2-1C2A5D2E01E1}.Debug|Any CPU.ActiveCfg = Debug|Any CPU
		{B67758BD-BC0D-4F2B-9BF2-1C2A5D2E01E1}.Debug|Any CPU.Build.0 = Debug|Any CPU
		{B67758BD-BC0D-4F2B-9BF2-1C2A5D2E01E1}.Debug|x64.ActiveCfg = Debug|x64
		{B67758BD-BC0D-4F2B-9BF2-1C2A5D2E01E1}.Debug|x64.Build.0 = Debug|x64
		{B67758BD-BC0D-4F2B-9BF2-1C2A5D2E01E1}.Release|Any CPU.ActiveCfg = Release|Any CPU
		{B67758BD-BC0D-4F2B-9BF2-1C2A5D2E01E1}.Release|Any CPU.Build.0 = Release|Any CPU
		{B67758BD-BC0D-4F2B-9BF2-1C2A5D2E01E1}.Release|x64.ActiveCfg = Release|x64
		{B67758BD-BC0D-4F2B-9BF2-1C2A5D2E01E1}.Release|x64.Build.0 = Release|x64
		{77A26455-98D4-4E69-8D4D-2B6FEC70BB94}.Debug|Any CPU.ActiveCfg = Debug|Any CPU
		{77A26455-98D4-4E69-8D4D-2B6FEC70BB94}.Debug|Any CPU.Build.0 = Debug|Any CPU
		{77A26455-98D4-4E69-8D4D-2B6FEC70BB94}.Debug|x64.ActiveCfg = Debug|x64
		{77A26455-98D4-4E69-8D4D-2B6FEC70BB94}.Debug|x64.Build.0 = Debug|x64
		{77A26455-98D4-4E69-8D4D-2B6FEC70BB94}.Release|Any CPU.ActiveCfg = Release|Any CPU
		{77A26455-98D4-4E69-8D4D-2B6FEC70BB94}.Release|Any CPU.Build.0 = Release|Any CPU
		{77A26455-98D4-4E69-8D4D-2B6FEC70BB94}.Release|x64.ActiveCfg = Release|x64
		{77A26455-98D4-4E69-8D4D-2B6FEC70BB94}.Release|x64.Build.0 = Release|x64
	EndGlobalSection
	GlobalSection(SolutionProperties) = preSolution
		HideSolutionNode = FALSE
	EndGlobalSection
	GlobalSection(ExtensibilityGlobals) = postSolution
		SolutionGuid = {8FE878B2-4DBB-4914-82DC-6D86672B98D5}
	EndGlobalSection
EndGlobal
