
Microsoft Visual Studio Solution File, Format Version 12.00
# Visual Studio 15
VisualStudioVersion = 15.0.28307.2017
MinimumVisualStudioVersion = 10.0.40219.1
Project("{FAE04EC0-301F-11D3-BF4B-00C04F79EFBC}") = "AllomorphGeneratorDll", "AllomorphGeneratorDll\AllomorphGeneratorDll.csproj", "{BB78C880-E46A-4F7B-A10E-598AEC4DE55C}"
EndProject
Project("{FAE04EC0-301F-11D3-BF4B-00C04F79EFBC}") = "AlloGenModel", "AlloGenModel\AlloGenModel.csproj", "{4D7C07A3-BDA7-4C91-967B-7ACC736E6586}"
EndProject
Project("{FAE04EC0-301F-11D3-BF4B-00C04F79EFBC}") = "AlloGenService", "AlloGenService\AlloGenService.csproj", "{58F631E4-3FD2-4FFD-9981-5621DCC22D2A}"
EndProject
Project("{FAE04EC0-301F-11D3-BF4B-00C04F79EFBC}") = "AlloGenServiceTests", "AlloGenServiceTests\AlloGenServiceTests.csproj", "{B67758BD-BC0D-4F2B-9BF2-1C2A5D2E01E1}"
	ProjectSection(ProjectDependencies) = postProject
		{4D7C07A3-BDA7-4C91-967B-7ACC736E6586} = {4D7C07A3-BDA7-4C91-967B-7ACC736E6586}
		{58F631E4-3FD2-4FFD-9981-5621DCC22D2A} = {58F631E4-3FD2-4FFD-9981-5621DCC22D2A}
	EndProjectSection
EndProject
Project("{FAE04EC0-301F-11D3-BF4B-00C04F79EFBC}") = "AlloGenModelTests", "AlloGenModelTests\AlloGenModelTests.csproj", "{77A26455-98D4-4E69-8D4D-2B6FEC70BB94}"
EndProject
Project("{FAE04EC0-301F-11D3-BF4B-00C04F79EFBC}") = "FwCoreDlgs", "..\..\..\..\..\fwrepo\fw\Src\FwCoreDlgs\FwCoreDlgs.csproj", "{17090FC0-6BDA-409A-A99A-5AE7F35647ED}"
EndProject
Project("{FAE04EC0-301F-11D3-BF4B-00C04F79EFBC}") = "VariantGeneratorDll", "VariantGeneratorDll\VariantGeneratorDll.csproj", "{57E15C5D-4F7D-4B8E-B8D1-706F06BCF1E8}"
EndProject
Project("{FAE04EC0-301F-11D3-BF4B-00C04F79EFBC}") = "VarGenService", "VarGenService\VarGenService.csproj", "{E4DBBA30-ED6A-4D3E-9FA8-01E955B22038}"
EndProject
Project("{FAE04EC0-301F-11D3-BF4B-00C04F79EFBC}") = "VarGenServiceTest", "VarGenServiceTest\VarGenServiceTest.csproj", "{87C281A9-18CE-4A63-A5C4-D1F5EEBA2D85}"
EndProject
Global
	GlobalSection(SolutionConfigurationPlatforms) = preSolution
		Debug|Any CPU = Debug|Any CPU
		Debug|x64 = Debug|x64
		Debug|x86 = Debug|x86
		Release|Any CPU = Release|Any CPU
		Release|x64 = Release|x64
		Release|x86 = Release|x86
	EndGlobalSection
	GlobalSection(ProjectConfigurationPlatforms) = postSolution
		{BB78C880-E46A-4F7B-A10E-598AEC4DE55C}.Debug|Any CPU.ActiveCfg = Debug|x64
		{BB78C880-E46A-4F7B-A10E-598AEC4DE55C}.Debug|Any CPU.Build.0 = Debug|x64
		{BB78C880-E46A-4F7B-A10E-598AEC4DE55C}.Debug|x64.ActiveCfg = Debug|x64
		{BB78C880-E46A-4F7B-A10E-598AEC4DE55C}.Debug|x64.Build.0 = Debug|x64
		{BB78C880-E46A-4F7B-A10E-598AEC4DE55C}.Debug|x86.ActiveCfg = Debug|Any CPU
		{BB78C880-E46A-4F7B-A10E-598AEC4DE55C}.Debug|x86.Build.0 = Debug|Any CPU
		{BB78C880-E46A-4F7B-A10E-598AEC4DE55C}.Release|Any CPU.ActiveCfg = Release|x64
		{BB78C880-E46A-4F7B-A10E-598AEC4DE55C}.Release|Any CPU.Build.0 = Release|x64
		{BB78C880-E46A-4F7B-A10E-598AEC4DE55C}.Release|x64.ActiveCfg = Release|x64
		{BB78C880-E46A-4F7B-A10E-598AEC4DE55C}.Release|x64.Build.0 = Release|x64
		{BB78C880-E46A-4F7B-A10E-598AEC4DE55C}.Release|x86.ActiveCfg = Release|Any CPU
		{BB78C880-E46A-4F7B-A10E-598AEC4DE55C}.Release|x86.Build.0 = Release|Any CPU
		{4D7C07A3-BDA7-4C91-967B-7ACC736E6586}.Debug|Any CPU.ActiveCfg = Debug|Any CPU
		{4D7C07A3-BDA7-4C91-967B-7ACC736E6586}.Debug|Any CPU.Build.0 = Debug|Any CPU
		{4D7C07A3-BDA7-4C91-967B-7ACC736E6586}.Debug|x64.ActiveCfg = Debug|x64
		{4D7C07A3-BDA7-4C91-967B-7ACC736E6586}.Debug|x64.Build.0 = Debug|x64
		{4D7C07A3-BDA7-4C91-967B-7ACC736E6586}.Debug|x86.ActiveCfg = Debug|Any CPU
		{4D7C07A3-BDA7-4C91-967B-7ACC736E6586}.Debug|x86.Build.0 = Debug|Any CPU
		{4D7C07A3-BDA7-4C91-967B-7ACC736E6586}.Release|Any CPU.ActiveCfg = Release|Any CPU
		{4D7C07A3-BDA7-4C91-967B-7ACC736E6586}.Release|Any CPU.Build.0 = Release|Any CPU
		{4D7C07A3-BDA7-4C91-967B-7ACC736E6586}.Release|x64.ActiveCfg = Release|x64
		{4D7C07A3-BDA7-4C91-967B-7ACC736E6586}.Release|x64.Build.0 = Release|x64
		{4D7C07A3-BDA7-4C91-967B-7ACC736E6586}.Release|x86.ActiveCfg = Release|Any CPU
		{4D7C07A3-BDA7-4C91-967B-7ACC736E6586}.Release|x86.Build.0 = Release|Any CPU
		{58F631E4-3FD2-4FFD-9981-5621DCC22D2A}.Debug|Any CPU.ActiveCfg = Debug|Any CPU
		{58F631E4-3FD2-4FFD-9981-5621DCC22D2A}.Debug|Any CPU.Build.0 = Debug|Any CPU
		{58F631E4-3FD2-4FFD-9981-5621DCC22D2A}.Debug|x64.ActiveCfg = Debug|x64
		{58F631E4-3FD2-4FFD-9981-5621DCC22D2A}.Debug|x64.Build.0 = Debug|x64
		{58F631E4-3FD2-4FFD-9981-5621DCC22D2A}.Debug|x86.ActiveCfg = Debug|Any CPU
		{58F631E4-3FD2-4FFD-9981-5621DCC22D2A}.Debug|x86.Build.0 = Debug|Any CPU
		{58F631E4-3FD2-4FFD-9981-5621DCC22D2A}.Release|Any CPU.ActiveCfg = Release|Any CPU
		{58F631E4-3FD2-4FFD-9981-5621DCC22D2A}.Release|Any CPU.Build.0 = Release|Any CPU
		{58F631E4-3FD2-4FFD-9981-5621DCC22D2A}.Release|x64.ActiveCfg = Release|x64
		{58F631E4-3FD2-4FFD-9981-5621DCC22D2A}.Release|x64.Build.0 = Release|x64
		{58F631E4-3FD2-4FFD-9981-5621DCC22D2A}.Release|x86.ActiveCfg = Release|Any CPU
		{58F631E4-3FD2-4FFD-9981-5621DCC22D2A}.Release|x86.Build.0 = Release|Any CPU
		{B67758BD-BC0D-4F2B-9BF2-1C2A5D2E01E1}.Debug|Any CPU.ActiveCfg = Debug|Any CPU
		{B67758BD-BC0D-4F2B-9BF2-1C2A5D2E01E1}.Debug|Any CPU.Build.0 = Debug|Any CPU
		{B67758BD-BC0D-4F2B-9BF2-1C2A5D2E01E1}.Debug|x64.ActiveCfg = Debug|x64
		{B67758BD-BC0D-4F2B-9BF2-1C2A5D2E01E1}.Debug|x64.Build.0 = Debug|x64
		{B67758BD-BC0D-4F2B-9BF2-1C2A5D2E01E1}.Debug|x86.ActiveCfg = Debug|Any CPU
		{B67758BD-BC0D-4F2B-9BF2-1C2A5D2E01E1}.Debug|x86.Build.0 = Debug|Any CPU
		{B67758BD-BC0D-4F2B-9BF2-1C2A5D2E01E1}.Release|Any CPU.ActiveCfg = Release|Any CPU
		{B67758BD-BC0D-4F2B-9BF2-1C2A5D2E01E1}.Release|Any CPU.Build.0 = Release|Any CPU
		{B67758BD-BC0D-4F2B-9BF2-1C2A5D2E01E1}.Release|x64.ActiveCfg = Release|x64
		{B67758BD-BC0D-4F2B-9BF2-1C2A5D2E01E1}.Release|x64.Build.0 = Release|x64
		{B67758BD-BC0D-4F2B-9BF2-1C2A5D2E01E1}.Release|x86.ActiveCfg = Release|Any CPU
		{B67758BD-BC0D-4F2B-9BF2-1C2A5D2E01E1}.Release|x86.Build.0 = Release|Any CPU
		{77A26455-98D4-4E69-8D4D-2B6FEC70BB94}.Debug|Any CPU.ActiveCfg = Debug|Any CPU
		{77A26455-98D4-4E69-8D4D-2B6FEC70BB94}.Debug|Any CPU.Build.0 = Debug|Any CPU
		{77A26455-98D4-4E69-8D4D-2B6FEC70BB94}.Debug|x64.ActiveCfg = Debug|x64
		{77A26455-98D4-4E69-8D4D-2B6FEC70BB94}.Debug|x64.Build.0 = Debug|x64
		{77A26455-98D4-4E69-8D4D-2B6FEC70BB94}.Debug|x86.ActiveCfg = Debug|Any CPU
		{77A26455-98D4-4E69-8D4D-2B6FEC70BB94}.Debug|x86.Build.0 = Debug|Any CPU
		{77A26455-98D4-4E69-8D4D-2B6FEC70BB94}.Release|Any CPU.ActiveCfg = Release|Any CPU
		{77A26455-98D4-4E69-8D4D-2B6FEC70BB94}.Release|Any CPU.Build.0 = Release|Any CPU
		{77A26455-98D4-4E69-8D4D-2B6FEC70BB94}.Release|x64.ActiveCfg = Release|x64
		{77A26455-98D4-4E69-8D4D-2B6FEC70BB94}.Release|x64.Build.0 = Release|x64
		{77A26455-98D4-4E69-8D4D-2B6FEC70BB94}.Release|x86.ActiveCfg = Release|Any CPU
		{77A26455-98D4-4E69-8D4D-2B6FEC70BB94}.Release|x86.Build.0 = Release|Any CPU
		{17090FC0-6BDA-409A-A99A-5AE7F35647ED}.Debug|Any CPU.ActiveCfg = Debug|x86
		{17090FC0-6BDA-409A-A99A-5AE7F35647ED}.Debug|x64.ActiveCfg = Debug|x64
		{17090FC0-6BDA-409A-A99A-5AE7F35647ED}.Debug|x64.Build.0 = Debug|x64
		{17090FC0-6BDA-409A-A99A-5AE7F35647ED}.Debug|x86.ActiveCfg = Debug|x86
		{17090FC0-6BDA-409A-A99A-5AE7F35647ED}.Debug|x86.Build.0 = Debug|x86
		{17090FC0-6BDA-409A-A99A-5AE7F35647ED}.Release|Any CPU.ActiveCfg = Release|x86
		{17090FC0-6BDA-409A-A99A-5AE7F35647ED}.Release|x64.ActiveCfg = Release|x64
		{17090FC0-6BDA-409A-A99A-5AE7F35647ED}.Release|x64.Build.0 = Release|x64
		{17090FC0-6BDA-409A-A99A-5AE7F35647ED}.Release|x86.ActiveCfg = Release|x86
		{17090FC0-6BDA-409A-A99A-5AE7F35647ED}.Release|x86.Build.0 = Release|x86
		{57E15C5D-4F7D-4B8E-B8D1-706F06BCF1E8}.Debug|Any CPU.ActiveCfg = Debug|Any CPU
		{57E15C5D-4F7D-4B8E-B8D1-706F06BCF1E8}.Debug|Any CPU.Build.0 = Debug|Any CPU
		{57E15C5D-4F7D-4B8E-B8D1-706F06BCF1E8}.Debug|x64.ActiveCfg = Debug|x64
		{57E15C5D-4F7D-4B8E-B8D1-706F06BCF1E8}.Debug|x64.Build.0 = Debug|x64
		{57E15C5D-4F7D-4B8E-B8D1-706F06BCF1E8}.Debug|x86.ActiveCfg = Debug|Any CPU
		{57E15C5D-4F7D-4B8E-B8D1-706F06BCF1E8}.Debug|x86.Build.0 = Debug|Any CPU
		{57E15C5D-4F7D-4B8E-B8D1-706F06BCF1E8}.Release|Any CPU.ActiveCfg = Release|Any CPU
		{57E15C5D-4F7D-4B8E-B8D1-706F06BCF1E8}.Release|Any CPU.Build.0 = Release|Any CPU
		{57E15C5D-4F7D-4B8E-B8D1-706F06BCF1E8}.Release|x64.ActiveCfg = Release|Any CPU
		{57E15C5D-4F7D-4B8E-B8D1-706F06BCF1E8}.Release|x64.Build.0 = Release|Any CPU
		{57E15C5D-4F7D-4B8E-B8D1-706F06BCF1E8}.Release|x86.ActiveCfg = Release|Any CPU
		{57E15C5D-4F7D-4B8E-B8D1-706F06BCF1E8}.Release|x86.Build.0 = Release|Any CPU
		{E4DBBA30-ED6A-4D3E-9FA8-01E955B22038}.Debug|Any CPU.ActiveCfg = Debug|Any CPU
		{E4DBBA30-ED6A-4D3E-9FA8-01E955B22038}.Debug|Any CPU.Build.0 = Debug|Any CPU
		{E4DBBA30-ED6A-4D3E-9FA8-01E955B22038}.Debug|x64.ActiveCfg = Debug|x64
		{E4DBBA30-ED6A-4D3E-9FA8-01E955B22038}.Debug|x64.Build.0 = Debug|x64
		{E4DBBA30-ED6A-4D3E-9FA8-01E955B22038}.Debug|x86.ActiveCfg = Debug|Any CPU
		{E4DBBA30-ED6A-4D3E-9FA8-01E955B22038}.Debug|x86.Build.0 = Debug|Any CPU
		{E4DBBA30-ED6A-4D3E-9FA8-01E955B22038}.Release|Any CPU.ActiveCfg = Release|Any CPU
		{E4DBBA30-ED6A-4D3E-9FA8-01E955B22038}.Release|Any CPU.Build.0 = Release|Any CPU
		{E4DBBA30-ED6A-4D3E-9FA8-01E955B22038}.Release|x64.ActiveCfg = Release|Any CPU
		{E4DBBA30-ED6A-4D3E-9FA8-01E955B22038}.Release|x64.Build.0 = Release|Any CPU
		{E4DBBA30-ED6A-4D3E-9FA8-01E955B22038}.Release|x86.ActiveCfg = Release|Any CPU
		{E4DBBA30-ED6A-4D3E-9FA8-01E955B22038}.Release|x86.Build.0 = Release|Any CPU
		{87C281A9-18CE-4A63-A5C4-D1F5EEBA2D85}.Debug|Any CPU.ActiveCfg = Debug|Any CPU
		{87C281A9-18CE-4A63-A5C4-D1F5EEBA2D85}.Debug|Any CPU.Build.0 = Debug|Any CPU
		{87C281A9-18CE-4A63-A5C4-D1F5EEBA2D85}.Debug|x64.ActiveCfg = Debug|x64
		{87C281A9-18CE-4A63-A5C4-D1F5EEBA2D85}.Debug|x64.Build.0 = Debug|x64
		{87C281A9-18CE-4A63-A5C4-D1F5EEBA2D85}.Debug|x86.ActiveCfg = Debug|Any CPU
		{87C281A9-18CE-4A63-A5C4-D1F5EEBA2D85}.Debug|x86.Build.0 = Debug|Any CPU
		{87C281A9-18CE-4A63-A5C4-D1F5EEBA2D85}.Release|Any CPU.ActiveCfg = Release|Any CPU
		{87C281A9-18CE-4A63-A5C4-D1F5EEBA2D85}.Release|Any CPU.Build.0 = Release|Any CPU
		{87C281A9-18CE-4A63-A5C4-D1F5EEBA2D85}.Release|x64.ActiveCfg = Release|Any CPU
		{87C281A9-18CE-4A63-A5C4-D1F5EEBA2D85}.Release|x64.Build.0 = Release|Any CPU
		{87C281A9-18CE-4A63-A5C4-D1F5EEBA2D85}.Release|x86.ActiveCfg = Release|Any CPU
		{87C281A9-18CE-4A63-A5C4-D1F5EEBA2D85}.Release|x86.Build.0 = Release|Any CPU
	EndGlobalSection
	GlobalSection(SolutionProperties) = preSolution
		HideSolutionNode = FALSE
	EndGlobalSection
	GlobalSection(ExtensibilityGlobals) = postSolution
		SolutionGuid = {8FE878B2-4DBB-4914-82DC-6D86672B98D5}
	EndGlobalSection
EndGlobal
